
Microsoft Visual Studio Solution File, Format Version 12.00
# Visual Studio Version 16
VisualStudioVersion = 16.0.31112.23
MinimumVisualStudioVersion = 10.0.40219.1
Project("{FAE04EC0-301F-11D3-BF4B-00C04F79EFBC}") = "MobileApps_Lab1.Android", "MobileApps_Lab1\MobileApps_Lab1.Android\MobileApps_Lab1.Android.csproj", "{633CA7D6-4A32-4A5D-86D8-1A3B349EB9E2}"
EndProject
Project("{FAE04EC0-301F-11D3-BF4B-00C04F79EFBC}") = "MobileApps_Lab1", "MobileApps_Lab1\MobileApps_Lab1\MobileApps_Lab1.csproj", "{6A3D12AC-9FB4-41F9-A743-5632139D55C9}"
EndProject
Global
	GlobalSection(SolutionConfigurationPlatforms) = preSolution
		Debug|Any CPU = Debug|Any CPU
		Release|Any CPU = Release|Any CPU
	EndGlobalSection
	GlobalSection(ProjectConfigurationPlatforms) = postSolution
		{633CA7D6-4A32-4A5D-86D8-1A3B349EB9E2}.Debug|Any CPU.ActiveCfg = Debug|Any CPU
		{633CA7D6-4A32-4A5D-86D8-1A3B349EB9E2}.Debug|Any CPU.Build.0 = Debug|Any CPU
		{633CA7D6-4A32-4A5D-86D8-1A3B349EB9E2}.Debug|Any CPU.Deploy.0 = Debug|Any CPU
		{633CA7D6-4A32-4A5D-86D8-1A3B349EB9E2}.Release|Any CPU.ActiveCfg = Release|Any CPU
		{633CA7D6-4A32-4A5D-86D8-1A3B349EB9E2}.Release|Any CPU.Build.0 = Release|Any CPU
		{633CA7D6-4A32-4A5D-86D8-1A3B349EB9E2}.Release|Any CPU.Deploy.0 = Release|Any CPU
		{6A3D12AC-9FB4-41F9-A743-5632139D55C9}.Debug|Any CPU.ActiveCfg = Debug|Any CPU
		{6A3D12AC-9FB4-41F9-A743-5632139D55C9}.Debug|Any CPU.Build.0 = Debug|Any CPU
		{6A3D12AC-9FB4-41F9-A743-5632139D55C9}.Debug|Any CPU.Deploy.0 = Debug|Any CPU
		{6A3D12AC-9FB4-41F9-A743-5632139D55C9}.Release|Any CPU.ActiveCfg = Release|Any CPU
		{6A3D12AC-9FB4-41F9-A743-5632139D55C9}.Release|Any CPU.Build.0 = Release|Any CPU
		{6A3D12AC-9FB4-41F9-A743-5632139D55C9}.Release|Any CPU.Deploy.0 = Release|Any CPU
	EndGlobalSection
	GlobalSection(SolutionProperties) = preSolution
		HideSolutionNode = FALSE
	EndGlobalSection
	GlobalSection(ExtensibilityGlobals) = postSolution
		SolutionGuid = {A76A8E53-50D3-4963-9266-FF562B714C64}
	EndGlobalSection
EndGlobal
