
Microsoft Visual Studio Solution File, Format Version 12.00
# Visual Studio Version 16
VisualStudioVersion = 16.0.30907.101
MinimumVisualStudioVersion = 10.0.40219.1
Project("{FAE04EC0-301F-11D3-BF4B-00C04F79EFBC}") = "Lab1_Aleksander_Naskret", "Lab1_Aleksander_Naskret\Lab1_Aleksander_Naskret.csproj", "{7B495D5B-F03E-4A8B-A8BF-F12DC9B8377E}"
EndProject
Global
	GlobalSection(SolutionConfigurationPlatforms) = preSolution
		Debug|Any CPU = Debug|Any CPU
		Release|Any CPU = Release|Any CPU
	EndGlobalSection
	GlobalSection(ProjectConfigurationPlatforms) = postSolution
		{7B495D5B-F03E-4A8B-A8BF-F12DC9B8377E}.Debug|Any CPU.ActiveCfg = Debug|Any CPU
		{7B495D5B-F03E-4A8B-A8BF-F12DC9B8377E}.Debug|Any CPU.Build.0 = Debug|Any CPU
		{7B495D5B-F03E-4A8B-A8BF-F12DC9B8377E}.Release|Any CPU.ActiveCfg = Release|Any CPU
		{7B495D5B-F03E-4A8B-A8BF-F12DC9B8377E}.Release|Any CPU.Build.0 = Release|Any CPU
	EndGlobalSection
	GlobalSection(SolutionProperties) = preSolution
		HideSolutionNode = FALSE
	EndGlobalSection
	GlobalSection(ExtensibilityGlobals) = postSolution
		SolutionGuid = {DC01BC7B-8E20-4F49-9654-6F438D5D14D9}
	EndGlobalSection
EndGlobal
